
Microsoft Visual Studio Solution File, Format Version 12.00
# Visual Studio Version 17
VisualStudioVersion = 17.5.33516.290
MinimumVisualStudioVersion = 10.0.40219.1
Project("{FAE04EC0-301F-11D3-BF4B-00C04F79EFBC}") = "ULTRAVIVZIE", "ULTRAVIVZIE\ULTRAVIVZIE.csproj", "{2241988A-E77F-4CAA-ABC4-0BB004B68782}"
EndProject
Global
	GlobalSection(SolutionConfigurationPlatforms) = preSolution
		Debug|Any CPU = Debug|Any CPU
		Release|Any CPU = Release|Any CPU
	EndGlobalSection
	GlobalSection(ProjectConfigurationPlatforms) = postSolution
		{2241988A-E77F-4CAA-ABC4-0BB004B68782}.Debug|Any CPU.ActiveCfg = Debug|Any CPU
		{2241988A-E77F-4CAA-ABC4-0BB004B68782}.Debug|Any CPU.Build.0 = Debug|Any CPU
		{2241988A-E77F-4CAA-ABC4-0BB004B68782}.Release|Any CPU.ActiveCfg = Release|Any CPU
		{2241988A-E77F-4CAA-ABC4-0BB004B68782}.Release|Any CPU.Build.0 = Release|Any CPU
	EndGlobalSection
	GlobalSection(SolutionProperties) = preSolution
		HideSolutionNode = FALSE
	EndGlobalSection
	GlobalSection(ExtensibilityGlobals) = postSolution
		SolutionGuid = {4CD9AEB7-9AA0-4ADF-B87D-756B6A4ABFA8}
	EndGlobalSection
EndGlobal
